// !$*UTF8*$!
{
	archiveVersion = 1;
	classes = {
	};
	objectVersion = 50;
	objects = {

/* Begin PBXBuildFile section */
		53996F2A26E3B91400C23207 /* AppDelegate.swift in Sources */ = {isa = PBXBuildFile; fileRef = 53996F2926E3B91400C23207 /* AppDelegate.swift */; };
		53996F2C26E3B91400C23207 /* SceneDelegate.swift in Sources */ = {isa = PBXBuildFile; fileRef = 53996F2B26E3B91400C23207 /* SceneDelegate.swift */; };
		53996F2E26E3B91400C23207 /* AluraviagensHomeViewController.swift in Sources */ = {isa = PBXBuildFile; fileRef = 53996F2D26E3B91400C23207 /* AluraviagensHomeViewController.swift */; };
		53996F3126E3B91400C23207 /* Main.storyboard in Resources */ = {isa = PBXBuildFile; fileRef = 53996F2F26E3B91400C23207 /* Main.storyboard */; };
		53996F3326E3B92D00C23207 /* Assets.xcassets in Resources */ = {isa = PBXBuildFile; fileRef = 53996F3226E3B92D00C23207 /* Assets.xcassets */; };
		53996F3626E3B92D00C23207 /* LaunchScreen.storyboard in Resources */ = {isa = PBXBuildFile; fileRef = 53996F3426E3B92D00C23207 /* LaunchScreen.storyboard */; };
		53996F3E26E3CCE300C23207 /* ViagemTableViewCell.swift in Sources */ = {isa = PBXBuildFile; fileRef = 53996F3D26E3CCE300C23207 /* ViagemTableViewCell.swift */; };
		D839C4C426E6B1510023A1B4 /* Viagem.swift in Sources */ = {isa = PBXBuildFile; fileRef = D839C4C326E6B1510023A1B4 /* Viagem.swift */; };
		D839C4C726E6C0690023A1B4 /* CityTableViewCell.swift in Sources */ = {isa = PBXBuildFile; fileRef = D839C4C526E6C0690023A1B4 /* CityTableViewCell.swift */; };
		D839C4C826E6C0690023A1B4 /* CityTableViewCell.xib in Resources */ = {isa = PBXBuildFile; fileRef = D839C4C626E6C0690023A1B4 /* CityTableViewCell.xib */; };
/* End PBXBuildFile section */

/* Begin PBXFileReference section */
		53996F2626E3B91400C23207 /* Alura Viagems Swift.app */ = {isa = PBXFileReference; explicitFileType = wrapper.application; includeInIndex = 0; path = "Alura Viagems Swift.app"; sourceTree = BUILT_PRODUCTS_DIR; };
		53996F2926E3B91400C23207 /* AppDelegate.swift */ = {isa = PBXFileReference; lastKnownFileType = sourcecode.swift; path = AppDelegate.swift; sourceTree = "<group>"; };
		53996F2B26E3B91400C23207 /* SceneDelegate.swift */ = {isa = PBXFileReference; lastKnownFileType = sourcecode.swift; path = SceneDelegate.swift; sourceTree = "<group>"; };
		53996F2D26E3B91400C23207 /* AluraviagensHomeViewController.swift */ = {isa = PBXFileReference; lastKnownFileType = sourcecode.swift; path = AluraviagensHomeViewController.swift; sourceTree = "<group>"; };
		53996F3026E3B91400C23207 /* Base */ = {isa = PBXFileReference; lastKnownFileType = file.storyboard; name = Base; path = Base.lproj/Main.storyboard; sourceTree = "<group>"; };
		53996F3226E3B92D00C23207 /* Assets.xcassets */ = {isa = PBXFileReference; lastKnownFileType = folder.assetcatalog; path = Assets.xcassets; sourceTree = "<group>"; };
		53996F3526E3B92D00C23207 /* Base */ = {isa = PBXFileReference; lastKnownFileType = file.storyboard; name = Base; path = Base.lproj/LaunchScreen.storyboard; sourceTree = "<group>"; };
		53996F3726E3B92D00C23207 /* Info.plist */ = {isa = PBXFileReference; lastKnownFileType = text.plist.xml; path = Info.plist; sourceTree = "<group>"; };
		53996F3D26E3CCE300C23207 /* ViagemTableViewCell.swift */ = {isa = PBXFileReference; lastKnownFileType = sourcecode.swift; path = ViagemTableViewCell.swift; sourceTree = "<group>"; };
		D839C4C326E6B1510023A1B4 /* Viagem.swift */ = {isa = PBXFileReference; lastKnownFileType = sourcecode.swift; path = Viagem.swift; sourceTree = "<group>"; };
		D839C4C526E6C0690023A1B4 /* CityTableViewCell.swift */ = {isa = PBXFileReference; lastKnownFileType = sourcecode.swift; path = CityTableViewCell.swift; sourceTree = "<group>"; };
		D839C4C626E6C0690023A1B4 /* CityTableViewCell.xib */ = {isa = PBXFileReference; lastKnownFileType = file.xib; path = CityTableViewCell.xib; sourceTree = "<group>"; };
/* End PBXFileReference section */

/* Begin PBXFrameworksBuildPhase section */
		53996F2326E3B91400C23207 /* Frameworks */ = {
			isa = PBXFrameworksBuildPhase;
			buildActionMask = 2147483647;
			files = (
			);
			runOnlyForDeploymentPostprocessing = 0;
		};
/* End PBXFrameworksBuildPhase section */

/* Begin PBXGroup section */
		53996F1D26E3B91400C23207 = {
			isa = PBXGroup;
			children = (
				53996F2826E3B91400C23207 /* Alura Viagems Swift */,
				53996F2726E3B91400C23207 /* Products */,
			);
			sourceTree = "<group>";
		};
		53996F2726E3B91400C23207 /* Products */ = {
			isa = PBXGroup;
			children = (
				53996F2626E3B91400C23207 /* Alura Viagems Swift.app */,
			);
			name = Products;
			sourceTree = "<group>";
		};
		53996F2826E3B91400C23207 /* Alura Viagems Swift */ = {
			isa = PBXGroup;
			children = (
				53996F2926E3B91400C23207 /* AppDelegate.swift */,
				53996F2B26E3B91400C23207 /* SceneDelegate.swift */,
				53996F2D26E3B91400C23207 /* AluraviagensHomeViewController.swift */,
				53996F2F26E3B91400C23207 /* Main.storyboard */,
				53996F3226E3B92D00C23207 /* Assets.xcassets */,
				53996F3426E3B92D00C23207 /* LaunchScreen.storyboard */,
				53996F3726E3B92D00C23207 /* Info.plist */,
				53996F3D26E3CCE300C23207 /* ViagemTableViewCell.swift */,
				D839C4C326E6B1510023A1B4 /* Viagem.swift */,
				D839C4C526E6C0690023A1B4 /* CityTableViewCell.swift */,
				D839C4C626E6C0690023A1B4 /* CityTableViewCell.xib */,
			);
			path = "Alura Viagems Swift";
			sourceTree = "<group>";
		};
/* End PBXGroup section */

/* Begin PBXNativeTarget section */
		53996F2526E3B91400C23207 /* Alura Viagems Swift */ = {
			isa = PBXNativeTarget;
			buildConfigurationList = 53996F3A26E3B92D00C23207 /* Build configuration list for PBXNativeTarget "Alura Viagems Swift" */;
			buildPhases = (
				53996F2226E3B91400C23207 /* Sources */,
				53996F2326E3B91400C23207 /* Frameworks */,
				53996F2426E3B91400C23207 /* Resources */,
			);
			buildRules = (
			);
			dependencies = (
			);
			name = "Alura Viagems Swift";
			productName = "Alura Viagems Swift";
			productReference = 53996F2626E3B91400C23207 /* Alura Viagems Swift.app */;
			productType = "com.apple.product-type.application";
		};
/* End PBXNativeTarget section */

/* Begin PBXProject section */
		53996F1E26E3B91400C23207 /* Project object */ = {
			isa = PBXProject;
			attributes = {
				LastSwiftUpdateCheck = 1250;
				LastUpgradeCheck = 1250;
				TargetAttributes = {
					53996F2526E3B91400C23207 = {
						CreatedOnToolsVersion = 12.5.1;
					};
				};
			};
			buildConfigurationList = 53996F2126E3B91400C23207 /* Build configuration list for PBXProject "Alura Viagems Swift" */;
			compatibilityVersion = "Xcode 9.3";
			developmentRegion = en;
			hasScannedForEncodings = 0;
			knownRegions = (
				en,
				Base,
			);
			mainGroup = 53996F1D26E3B91400C23207;
			productRefGroup = 53996F2726E3B91400C23207 /* Products */;
			projectDirPath = "";
			projectRoot = "";
			targets = (
				53996F2526E3B91400C23207 /* Alura Viagems Swift */,
			);
		};
/* End PBXProject section */

/* Begin PBXResourcesBuildPhase section */
		53996F2426E3B91400C23207 /* Resources */ = {
			isa = PBXResourcesBuildPhase;
			buildActionMask = 2147483647;
			files = (
				53996F3626E3B92D00C23207 /* LaunchScreen.storyboard in Resources */,
				53996F3326E3B92D00C23207 /* Assets.xcassets in Resources */,
				D839C4C826E6C0690023A1B4 /* CityTableViewCell.xib in Resources */,
				53996F3126E3B91400C23207 /* Main.storyboard in Resources */,
			);
			runOnlyForDeploymentPostprocessing = 0;
		};
/* End PBXResourcesBuildPhase section */

/* Begin PBXSourcesBuildPhase section */
		53996F2226E3B91400C23207 /* Sources */ = {
			isa = PBXSourcesBuildPhase;
			buildActionMask = 2147483647;
			files = (
				D839C4C726E6C0690023A1B4 /* CityTableViewCell.swift in Sources */,
				53996F3E26E3CCE300C23207 /* ViagemTableViewCell.swift in Sources */,
				53996F2E26E3B91400C23207 /* AluraviagensHomeViewController.swift in Sources */,
				53996F2A26E3B91400C23207 /* AppDelegate.swift in Sources */,
				53996F2C26E3B91400C23207 /* SceneDelegate.swift in Sources */,
				D839C4C426E6B1510023A1B4 /* Viagem.swift in Sources */,
			);
			runOnlyForDeploymentPostprocessing = 0;
		};
/* End PBXSourcesBuildPhase section */

/* Begin PBXVariantGroup section */
		53996F2F26E3B91400C23207 /* Main.storyboard */ = {
			isa = PBXVariantGroup;
			children = (
				53996F3026E3B91400C23207 /* Base */,
			);
			name = Main.storyboard;
			sourceTree = "<group>";
		};
		53996F3426E3B92D00C23207 /* LaunchScreen.storyboard */ = {
			isa = PBXVariantGroup;
			children = (
				53996F3526E3B92D00C23207 /* Base */,
			);
			name = LaunchScreen.storyboard;
			sourceTree = "<group>";
		};
/* End PBXVariantGroup section */

/* Begin XCBuildConfiguration section */
		53996F3826E3B92D00C23207 /* Debug */ = {
			isa = XCBuildConfiguration;
			buildSettings = {
				ALWAYS_SEARCH_USER_PATHS = NO;
				CLANG_ANALYZER_NONNULL = YES;
				CLANG_ANALYZER_NUMBER_OBJECT_CONVERSION = YES_AGGRESSIVE;
				CLANG_CXX_LANGUAGE_STANDARD = "gnu++14";
				CLANG_CXX_LIBRARY = "libc++";
				CLANG_ENABLE_MODULES = YES;
				CLANG_ENABLE_OBJC_ARC = YES;
				CLANG_ENABLE_OBJC_WEAK = YES;
				CLANG_WARN_BLOCK_CAPTURE_AUTORELEASING = YES;
				CLANG_WARN_BOOL_CONVERSION = YES;
				CLANG_WARN_COMMA = YES;
				CLANG_WARN_CONSTANT_CONVERSION = YES;
				CLANG_WARN_DEPRECATED_OBJC_IMPLEMENTATIONS = YES;
				CLANG_WARN_DIRECT_OBJC_ISA_USAGE = YES_ERROR;
				CLANG_WARN_DOCUMENTATION_COMMENTS = YES;
				CLANG_WARN_EMPTY_BODY = YES;
				CLANG_WARN_ENUM_CONVERSION = YES;
				CLANG_WARN_INFINITE_RECURSION = YES;
				CLANG_WARN_INT_CONVERSION = YES;
				CLANG_WARN_NON_LITERAL_NULL_CONVERSION = YES;
				CLANG_WARN_OBJC_IMPLICIT_RETAIN_SELF = YES;
				CLANG_WARN_OBJC_LITERAL_CONVERSION = YES;
				CLANG_WARN_OBJC_ROOT_CLASS = YES_ERROR;
				CLANG_WARN_QUOTED_INCLUDE_IN_FRAMEWORK_HEADER = YES;
				CLANG_WARN_RANGE_LOOP_ANALYSIS = YES;
				CLANG_WARN_STRICT_PROTOTYPES = YES;
				CLANG_WARN_SUSPICIOUS_MOVE = YES;
				CLANG_WARN_UNGUARDED_AVAILABILITY = YES_AGGRESSIVE;
				CLANG_WARN_UNREACHABLE_CODE = YES;
				CLANG_WARN__DUPLICATE_METHOD_MATCH = YES;
				COPY_PHASE_STRIP = NO;
				DEBUG_INFORMATION_FORMAT = dwarf;
				ENABLE_STRICT_OBJC_MSGSEND = YES;
				ENABLE_TESTABILITY = YES;
				GCC_C_LANGUAGE_STANDARD = gnu11;
				GCC_DYNAMIC_NO_PIC = NO;
				GCC_NO_COMMON_BLOCKS = YES;
				GCC_OPTIMIZATION_LEVEL = 0;
				GCC_PREPROCESSOR_DEFINITIONS = (
					"DEBUG=1",
					"$(inherited)",
				);
				GCC_WARN_64_TO_32_BIT_CONVERSION = YES;
				GCC_WARN_ABOUT_RETURN_TYPE = YES_ERROR;
				GCC_WARN_UNDECLARED_SELECTOR = YES;
				GCC_WARN_UNINITIALIZED_AUTOS = YES_AGGRESSIVE;
				GCC_WARN_UNUSED_FUNCTION = YES;
				GCC_WARN_UNUSED_VARIABLE = YES;
				IPHONEOS_DEPLOYMENT_TARGET = 14.5;
				MTL_ENABLE_DEBUG_INFO = INCLUDE_SOURCE;
				MTL_FAST_MATH = YES;
				ONLY_ACTIVE_ARCH = YES;
				SDKROOT = iphoneos;
				SWIFT_ACTIVE_COMPILATION_CONDITIONS = DEBUG;
				SWIFT_OPTIMIZATION_LEVEL = "-Onone";
			};
			name = Debug;
		};
		53996F3926E3B92D00C23207 /* Release */ = {
			isa = XCBuildConfiguration;
			buildSettings = {
				ALWAYS_SEARCH_USER_PATHS = NO;
				CLANG_ANALYZER_NONNULL = YES;
				CLANG_ANALYZER_NUMBER_OBJECT_CONVERSION = YES_AGGRESSIVE;
				CLANG_CXX_LANGUAGE_STANDARD = "gnu++14";
				CLANG_CXX_LIBRARY = "libc++";
				CLANG_ENABLE_MODULES = YES;
				CLANG_ENABLE_OBJC_ARC = YES;
				CLANG_ENABLE_OBJC_WEAK = YES;
				CLANG_WARN_BLOCK_CAPTURE_AUTORELEASING = YES;
				CLANG_WARN_BOOL_CONVERSION = YES;
				CLANG_WARN_COMMA = YES;
				CLANG_WARN_CONSTANT_CONVERSION = YES;
				CLANG_WARN_DEPRECATED_OBJC_IMPLEMENTATIONS = YES;
				CLANG_WARN_DIRECT_OBJC_ISA_USAGE = YES_ERROR;
				CLANG_WARN_DOCUMENTATION_COMMENTS = YES;
				CLANG_WARN_EMPTY_BODY = YES;
				CLANG_WARN_ENUM_CONVERSION = YES;
				CLANG_WARN_INFINITE_RECURSION = YES;
				CLANG_WARN_INT_CONVERSION = YES;
				CLANG_WARN_NON_LITERAL_NULL_CONVERSION = YES;
				CLANG_WARN_OBJC_IMPLICIT_RETAIN_SELF = YES;
				CLANG_WARN_OBJC_LITERAL_CONVERSION = YES;
				CLANG_WARN_OBJC_ROOT_CLASS = YES_ERROR;
				CLANG_WARN_QUOTED_INCLUDE_IN_FRAMEWORK_HEADER = YES;
				CLANG_WARN_RANGE_LOOP_ANALYSIS = YES;
				CLANG_WARN_STRICT_PROTOTYPES = YES;
				CLANG_WARN_SUSPICIOUS_MOVE = YES;
				CLANG_WARN_UNGUARDED_AVAILABILITY = YES_AGGRESSIVE;
				CLANG_WARN_UNREACHABLE_CODE = YES;
				CLANG_WARN__DUPLICATE_METHOD_MATCH = YES;
				COPY_PHASE_STRIP = NO;
				DEBUG_INFORMATION_FORMAT = "dwarf-with-dsym";
				ENABLE_NS_ASSERTIONS = NO;
				ENABLE_STRICT_OBJC_MSGSEND = YES;
				GCC_C_LANGUAGE_STANDARD = gnu11;
				GCC_NO_COMMON_BLOCKS = YES;
				GCC_WARN_64_TO_32_BIT_CONVERSION = YES;
				GCC_WARN_ABOUT_RETURN_TYPE = YES_ERROR;
				GCC_WARN_UNDECLARED_SELECTOR = YES;
				GCC_WARN_UNINITIALIZED_AUTOS = YES_AGGRESSIVE;
				GCC_WARN_UNUSED_FUNCTION = YES;
				GCC_WARN_UNUSED_VARIABLE = YES;
				IPHONEOS_DEPLOYMENT_TARGET = 14.5;
				MTL_ENABLE_DEBUG_INFO = NO;
				MTL_FAST_MATH = YES;
				SDKROOT = iphoneos;
				SWIFT_COMPILATION_MODE = wholemodule;
				SWIFT_OPTIMIZATION_LEVEL = "-O";
				VALIDATE_PRODUCT = YES;
			};
			name = Release;
		};
		53996F3B26E3B92D00C23207 /* Debug */ = {
			isa = XCBuildConfiguration;
			buildSettings = {
				ASSETCATALOG_COMPILER_APPICON_NAME = AppIcon;
				ASSETCATALOG_COMPILER_GLOBAL_ACCENT_COLOR_NAME = AccentColor;
				CODE_SIGN_STYLE = Automatic;
				INFOPLIST_FILE = "Alura Viagems Swift/Info.plist";
				LD_RUNPATH_SEARCH_PATHS = (
					"$(inherited)",
					"@executable_path/Frameworks",
				);
				PRODUCT_BUNDLE_IDENTIFIER = "com.davi.Alura-Viagems-Swift";
				PRODUCT_NAME = "$(TARGET_NAME)";
				SWIFT_VERSION = 5.0;
				TARGETED_DEVICE_FAMILY = "1,2";
			};
			name = Debug;
		};
		53996F3C26E3B92D00C23207 /* Release */ = {
			isa = XCBuildConfiguration;
			buildSettings = {
				ASSETCATALOG_COMPILER_APPICON_NAME = AppIcon;
				ASSETCATALOG_COMPILER_GLOBAL_ACCENT_COLOR_NAME = AccentColor;
				CODE_SIGN_STYLE = Automatic;
				INFOPLIST_FILE = "Alura Viagems Swift/Info.plist";
				LD_RUNPATH_SEARCH_PATHS = (
					"$(inherited)",
					"@executable_path/Frameworks",
				);
				PRODUCT_BUNDLE_IDENTIFIER = "com.davi.Alura-Viagems-Swift";
				PRODUCT_NAME = "$(TARGET_NAME)";
				SWIFT_VERSION = 5.0;
				TARGETED_DEVICE_FAMILY = "1,2";
			};
			name = Release;
		};
/* End XCBuildConfiguration section */

/* Begin XCConfigurationList section */
		53996F2126E3B91400C23207 /* Build configuration list for PBXProject "Alura Viagems Swift" */ = {
			isa = XCConfigurationList;
			buildConfigurations = (
				53996F3826E3B92D00C23207 /* Debug */,
				53996F3926E3B92D00C23207 /* Release */,
			);
			defaultConfigurationIsVisible = 0;
			defaultConfigurationName = Release;
		};
		53996F3A26E3B92D00C23207 /* Build configuration list for PBXNativeTarget "Alura Viagems Swift" */ = {
			isa = XCConfigurationList;
			buildConfigurations = (
				53996F3B26E3B92D00C23207 /* Debug */,
				53996F3C26E3B92D00C23207 /* Release */,
			);
			defaultConfigurationIsVisible = 0;
			defaultConfigurationName = Release;
		};
/* End XCConfigurationList section */
	};
	rootObject = 53996F1E26E3B91400C23207 /* Project object */;
}
